{
  "pins" : [
    {
      "identity" : "lottie-spm",
      "kind" : "remoteSourceControl",
      "location" : "https://github.com/airbnb/lottie-spm.git",
      "state" : {
        "revision" : "c3852816c622ad35a03ed39c187c1644ece2382b",
        "version" : "4.1.3"
      }
    },
    {
      "identity" : "openaiswift",
      "kind" : "remoteSourceControl",
      "location" : "https://github.com/adamrushy/OpenAISwift",
      "state" : {
        "branch" : "main",
        "revision" : "cd4a532766b3bca303db070000559dd5ad67a639"
      }
    }
  ],
  "version" : 2
}
