// !$*UTF8*$!
{
	archiveVersion = 1;
	classes = {
	};
	objectVersion = 56;
	objects = {

/* Begin PBXBuildFile section */
		5F0B06162A6BA95E00092D31 /* ChatRoomModel.swift in Sources */ = {isa = PBXBuildFile; fileRef = 5F0B06152A6BA95E00092D31 /* ChatRoomModel.swift */; };
		5F0B06192A6BA9B400092D31 /* GoogleSignIn in Frameworks */ = {isa = PBXBuildFile; productRef = 5F0B06182A6BA9B400092D31 /* GoogleSignIn */; };
		5F0B061B2A6BA9B400092D31 /* GoogleSignInSwift in Frameworks */ = {isa = PBXBuildFile; productRef = 5F0B061A2A6BA9B400092D31 /* GoogleSignInSwift */; };
		5F0B061D2A6BA9FB00092D31 /* AuthenticationService.swift in Sources */ = {isa = PBXBuildFile; fileRef = 5F0B061C2A6BA9FB00092D31 /* AuthenticationService.swift */; };
		5F0B061F2A6BAA3D00092D31 /* SignINWithGoogleViewController.swift in Sources */ = {isa = PBXBuildFile; fileRef = 5F0B061E2A6BAA3D00092D31 /* SignINWithGoogleViewController.swift */; };
		5F0B06212A6BAAB300092D31 /* UserDataService.swift in Sources */ = {isa = PBXBuildFile; fileRef = 5F0B06202A6BAAB300092D31 /* UserDataService.swift */; };
		5F0B06232A6BAB3500092D31 /* FireStoreStorageService.swift in Sources */ = {isa = PBXBuildFile; fileRef = 5F0B06222A6BAB3500092D31 /* FireStoreStorageService.swift */; };
		5F0B06252A6BAB5900092D31 /* FileManagerService.swift in Sources */ = {isa = PBXBuildFile; fileRef = 5F0B06242A6BAB5900092D31 /* FileManagerService.swift */; };
		5F0B06272A6BAB7900092D31 /* PostService.swift in Sources */ = {isa = PBXBuildFile; fileRef = 5F0B06262A6BAB7900092D31 /* PostService.swift */; };
		5F0B06292A6BABB100092D31 /* ChatRoomService.swift in Sources */ = {isa = PBXBuildFile; fileRef = 5F0B06282A6BABB100092D31 /* ChatRoomService.swift */; };
		5F0B062B2A6BABD200092D31 /* Query.swift in Sources */ = {isa = PBXBuildFile; fileRef = 5F0B062A2A6BABD200092D31 /* Query.swift */; };
		5F0B062D2A6BAC4D00092D31 /* AuthenticationViewModel.swift in Sources */ = {isa = PBXBuildFile; fileRef = 5F0B062C2A6BAC4D00092D31 /* AuthenticationViewModel.swift */; };
		5F0B062F2A6BAC7700092D31 /* PhotoPickerViewModel.swift in Sources */ = {isa = PBXBuildFile; fileRef = 5F0B062E2A6BAC7700092D31 /* PhotoPickerViewModel.swift */; };
		5F0B06312A6BACC300092D31 /* HomeTabViewModel.swift in Sources */ = {isa = PBXBuildFile; fileRef = 5F0B06302A6BACC300092D31 /* HomeTabViewModel.swift */; };
		5F0B06332A6BACE100092D31 /* TagViewModel.swift in Sources */ = {isa = PBXBuildFile; fileRef = 5F0B06322A6BACE100092D31 /* TagViewModel.swift */; };
		5F0B06352A6BAD0C00092D31 /* ChatRoomViewModel.swift in Sources */ = {isa = PBXBuildFile; fileRef = 5F0B06342A6BAD0C00092D31 /* ChatRoomViewModel.swift */; };
		5F0B06372A6BAD4F00092D31 /* PostViewModel.swift in Sources */ = {isa = PBXBuildFile; fileRef = 5F0B06362A6BAD4F00092D31 /* PostViewModel.swift */; };
		5F15836A2A880970007E2C77 /* SideMenuView.swift in Sources */ = {isa = PBXBuildFile; fileRef = 5F1583692A880970007E2C77 /* SideMenuView.swift */; };
		5F1667A22A8B5193001B6B1F /* exploreTabSkelton.json in Resources */ = {isa = PBXBuildFile; fileRef = 5F1667A12A8B5193001B6B1F /* exploreTabSkelton.json */; };
		5F1667A42A8B53B9001B6B1F /* chatRoomSkelton.json in Resources */ = {isa = PBXBuildFile; fileRef = 5F1667A32A8B53B9001B6B1F /* chatRoomSkelton.json */; };
		5F1F043D2A80CD020022C749 /* MessageCardView.swift in Sources */ = {isa = PBXBuildFile; fileRef = 5F1F043C2A80CD020022C749 /* MessageCardView.swift */; };
		5F1FB3452A77C4B000C33423 /* TrendingService.swift in Sources */ = {isa = PBXBuildFile; fileRef = 5F1FB3442A77C4B000C33423 /* TrendingService.swift */; };
		5F27E9E72A6C3D36009933A5 /* Error.swift in Sources */ = {isa = PBXBuildFile; fileRef = 5F27E9E62A6C3D36009933A5 /* Error.swift */; };
		5F31E7422A8A18300064215C /* ChatRoomMessagesView.swift in Sources */ = {isa = PBXBuildFile; fileRef = 5F31E7412A8A18300064215C /* ChatRoomMessagesView.swift */; };
		5F49182E2A6BDEF900644CA0 /* SetProfilePhotoView.swift in Sources */ = {isa = PBXBuildFile; fileRef = 5F49182D2A6BDEF900644CA0 /* SetProfilePhotoView.swift */; };
		5F4ACFAC2A659B2A00E9D37E /* CoddyBuddyApp.swift in Sources */ = {isa = PBXBuildFile; fileRef = 5F4ACFAB2A659B2A00E9D37E /* CoddyBuddyApp.swift */; };
		5F4ACFB02A659B2C00E9D37E /* Assets.xcassets in Resources */ = {isa = PBXBuildFile; fileRef = 5F4ACFAF2A659B2C00E9D37E /* Assets.xcassets */; };
		5F4ACFB32A659B2C00E9D37E /* Preview Assets.xcassets in Resources */ = {isa = PBXBuildFile; fileRef = 5F4ACFB22A659B2C00E9D37E /* Preview Assets.xcassets */; };
		5F4ACFBA2A659CED00E9D37E /* RootView.swift in Sources */ = {isa = PBXBuildFile; fileRef = 5F4ACFB92A659CED00E9D37E /* RootView.swift */; };
		5F4ACFBD2A659DC000E9D37E /* UserProfileModel.swift in Sources */ = {isa = PBXBuildFile; fileRef = 5F4ACFBC2A659DC000E9D37E /* UserProfileModel.swift */; };
		5F4ACFC12A659E0100E9D37E /* Color.swift in Sources */ = {isa = PBXBuildFile; fileRef = 5F4ACFC02A659E0100E9D37E /* Color.swift */; };
		5F4ACFC32A659E4C00E9D37E /* UINavigationController.swift in Sources */ = {isa = PBXBuildFile; fileRef = 5F4ACFC22A659E4C00E9D37E /* UINavigationController.swift */; };
		5F4ACFC52A659EBF00E9D37E /* Debugging.swift in Sources */ = {isa = PBXBuildFile; fileRef = 5F4ACFC42A659EBF00E9D37E /* Debugging.swift */; };
		5F4ACFD02A65A02E00E9D37E /* HomeTabView.swift in Sources */ = {isa = PBXBuildFile; fileRef = 5F4ACFCF2A65A02E00E9D37E /* HomeTabView.swift */; };
		5F4ACFD42A65A0B700E9D37E /* ExploreTabView.swift in Sources */ = {isa = PBXBuildFile; fileRef = 5F4ACFD32A65A0B700E9D37E /* ExploreTabView.swift */; };
		5F4ACFDA2A65A13600E9D37E /* UserProfileTabView.swift in Sources */ = {isa = PBXBuildFile; fileRef = 5F4ACFD92A65A13600E9D37E /* UserProfileTabView.swift */; };
		5F4ACFDF2A65A19200E9D37E /* ChatRoomTabView.swift in Sources */ = {isa = PBXBuildFile; fileRef = 5F4ACFDE2A65A19200E9D37E /* ChatRoomTabView.swift */; };
		5F4ACFF02A65A87F00E9D37E /* Poppins-Light.ttf in Resources */ = {isa = PBXBuildFile; fileRef = 5F4ACFE62A65A87F00E9D37E /* Poppins-Light.ttf */; };
		5F4ACFF12A65A87F00E9D37E /* Poppins-ExtraBold.ttf in Resources */ = {isa = PBXBuildFile; fileRef = 5F4ACFE72A65A87F00E9D37E /* Poppins-ExtraBold.ttf */; };
		5F4ACFF22A65A87F00E9D37E /* Poppins-ExtraLight.ttf in Resources */ = {isa = PBXBuildFile; fileRef = 5F4ACFE82A65A87F00E9D37E /* Poppins-ExtraLight.ttf */; };
		5F4ACFF32A65A87F00E9D37E /* Poppins-Thin.ttf in Resources */ = {isa = PBXBuildFile; fileRef = 5F4ACFE92A65A87F00E9D37E /* Poppins-Thin.ttf */; };
		5F4ACFF42A65A87F00E9D37E /* Poppins-Bold.ttf in Resources */ = {isa = PBXBuildFile; fileRef = 5F4ACFEA2A65A87F00E9D37E /* Poppins-Bold.ttf */; };
		5F4ACFF52A65A87F00E9D37E /* Poppins-Medium.ttf in Resources */ = {isa = PBXBuildFile; fileRef = 5F4ACFEB2A65A87F00E9D37E /* Poppins-Medium.ttf */; };
		5F4ACFF62A65A87F00E9D37E /* Poppins-Regular.ttf in Resources */ = {isa = PBXBuildFile; fileRef = 5F4ACFEC2A65A87F00E9D37E /* Poppins-Regular.ttf */; };
		5F4ACFF72A65A87F00E9D37E /* OFL.txt in Resources */ = {isa = PBXBuildFile; fileRef = 5F4ACFED2A65A87F00E9D37E /* OFL.txt */; };
		5F4ACFF82A65A87F00E9D37E /* Poppins-SemiBold.ttf in Resources */ = {isa = PBXBuildFile; fileRef = 5F4ACFEE2A65A87F00E9D37E /* Poppins-SemiBold.ttf */; };
		5F4ACFF92A65A87F00E9D37E /* Poppins-Black.ttf in Resources */ = {isa = PBXBuildFile; fileRef = 5F4ACFEF2A65A87F00E9D37E /* Poppins-Black.ttf */; };
		5F4CE86C2A82290E0055B00D /* ChatRoomDetailsView.swift in Sources */ = {isa = PBXBuildFile; fileRef = 5F4CE86B2A82290E0055B00D /* ChatRoomDetailsView.swift */; };
		5F5156592A6AE77C00FB290B /* FirebaseAnalytics in Frameworks */ = {isa = PBXBuildFile; productRef = 5F5156582A6AE77C00FB290B /* FirebaseAnalytics */; };
		5F51565B2A6AE77C00FB290B /* FirebaseAnalyticsSwift in Frameworks */ = {isa = PBXBuildFile; productRef = 5F51565A2A6AE77C00FB290B /* FirebaseAnalyticsSwift */; };
		5F51565D2A6AE77C00FB290B /* FirebaseAuth in Frameworks */ = {isa = PBXBuildFile; productRef = 5F51565C2A6AE77C00FB290B /* FirebaseAuth */; };
		5F51565F2A6AE77C00FB290B /* FirebaseFirestore in Frameworks */ = {isa = PBXBuildFile; productRef = 5F51565E2A6AE77C00FB290B /* FirebaseFirestore */; };
		5F5156612A6AE77C00FB290B /* FirebaseFirestoreSwift in Frameworks */ = {isa = PBXBuildFile; productRef = 5F5156602A6AE77C00FB290B /* FirebaseFirestoreSwift */; };
		5F5156632A6AE77C00FB290B /* FirebaseStorage in Frameworks */ = {isa = PBXBuildFile; productRef = 5F5156622A6AE77C00FB290B /* FirebaseStorage */; };
		5F5156652A6AE90600FB290B /* GoogleService-Info.plist in Resources */ = {isa = PBXBuildFile; fileRef = 5F5156642A6AE90600FB290B /* GoogleService-Info.plist */; };
		5F5156692A6AE9F900FB290B /* ValidationService.swift in Sources */ = {isa = PBXBuildFile; fileRef = 5F5156682A6AE9F900FB290B /* ValidationService.swift */; };
		5F51A87F2A8F5A3B00240349 /* SettingsView.swift in Sources */ = {isa = PBXBuildFile; fileRef = 5F51A87E2A8F5A3B00240349 /* SettingsView.swift */; };
		5F51A8812A8F654800240349 /* AppearanceSettingView.swift in Sources */ = {isa = PBXBuildFile; fileRef = 5F51A8802A8F654800240349 /* AppearanceSettingView.swift */; };
		5F555C5C2A6E708400DB3AC9 /* ProfilePhotoView.swift in Sources */ = {isa = PBXBuildFile; fileRef = 5F555C5B2A6E708400DB3AC9 /* ProfilePhotoView.swift */; };
		5F555C5E2A6E70AE00DB3AC9 /* ProfilePhotoViewModel.swift in Sources */ = {isa = PBXBuildFile; fileRef = 5F555C5D2A6E70AE00DB3AC9 /* ProfilePhotoViewModel.swift */; };
		5F57AD9F2A7D00160021145F /* ReplyPostModel.swift in Sources */ = {isa = PBXBuildFile; fileRef = 5F57AD9E2A7D00160021145F /* ReplyPostModel.swift */; };
		5F7F6C372A6A66AF000B9A4A /* WelcomeView.swift in Sources */ = {isa = PBXBuildFile; fileRef = 5F7F6C362A6A66AF000B9A4A /* WelcomeView.swift */; };
		5F7F6C392A6A731C000B9A4A /* AuthMethodsView.swift in Sources */ = {isa = PBXBuildFile; fileRef = 5F7F6C382A6A731C000B9A4A /* AuthMethodsView.swift */; };
		5F7F6C3B2A6A7757000B9A4A /* StaticNavBarView.swift in Sources */ = {isa = PBXBuildFile; fileRef = 5F7F6C3A2A6A7757000B9A4A /* StaticNavBarView.swift */; };
		5F8113662A8AA685002D20A5 /* Lottie in Frameworks */ = {isa = PBXBuildFile; productRef = 5F8113652A8AA685002D20A5 /* Lottie */; };
		5F8113682A8AA712002D20A5 /* LottieAnimation.swift in Sources */ = {isa = PBXBuildFile; fileRef = 5F8113672A8AA712002D20A5 /* LottieAnimation.swift */; };
		5F8113722A8AA9A7002D20A5 /* postSkelton.json in Resources */ = {isa = PBXBuildFile; fileRef = 5F8113712A8AA9A7002D20A5 /* postSkelton.json */; };
		5F8113782A8AAD36002D20A5 /* postSkelton2.json in Resources */ = {isa = PBXBuildFile; fileRef = 5F8113772A8AAD36002D20A5 /* postSkelton2.json */; };
		5F895AD62A71682D003F3FEE /* TagsFilterView.swift in Sources */ = {isa = PBXBuildFile; fileRef = 5F895AD52A71682D003F3FEE /* TagsFilterView.swift */; };
		5F934B442A66B6C500D1A035 /* SearchBarView.swift in Sources */ = {isa = PBXBuildFile; fileRef = 5F934B432A66B6C500D1A035 /* SearchBarView.swift */; };
		5F934B462A66E34B00D1A035 /* TabBarView.swift in Sources */ = {isa = PBXBuildFile; fileRef = 5F934B452A66E34B00D1A035 /* TabBarView.swift */; };
		5F934B492A66EA9500D1A035 /* TabSwitcherView.swift in Sources */ = {isa = PBXBuildFile; fileRef = 5F934B482A66EA9500D1A035 /* TabSwitcherView.swift */; };
		5F934B4F2A67058200D1A035 /* PostCardView.swift in Sources */ = {isa = PBXBuildFile; fileRef = 5F934B4E2A67058200D1A035 /* PostCardView.swift */; };
		5F934B522A67068100D1A035 /* PostModel.swift in Sources */ = {isa = PBXBuildFile; fileRef = 5F934B512A67068100D1A035 /* PostModel.swift */; };
		5F9653D52A7672DB0016EB40 /* ReplyService.swift in Sources */ = {isa = PBXBuildFile; fileRef = 5F9653D42A7672DB0016EB40 /* ReplyService.swift */; };
		5F9A8D682A68334400141088 /* CreatePostView.swift in Sources */ = {isa = PBXBuildFile; fileRef = 5F9A8D672A68334400141088 /* CreatePostView.swift */; };
		5F9CDA912A8615AF00FA2CA5 /* SwiftUITrackableScrollView in Frameworks */ = {isa = PBXBuildFile; productRef = 5F9CDA902A8615AF00FA2CA5 /* SwiftUITrackableScrollView */; };
		5FA0B5B82A6A9716001CCB2B /* SignInView.swift in Sources */ = {isa = PBXBuildFile; fileRef = 5FA0B5B72A6A9716001CCB2B /* SignInView.swift */; };
		5FA0B5BA2A6A9EDF001CCB2B /* ResetPasswordView.swift in Sources */ = {isa = PBXBuildFile; fileRef = 5FA0B5B92A6A9EDE001CCB2B /* ResetPasswordView.swift */; };
		5FA2AE192A78F6E20093AC5F /* ExploreViewModel.swift in Sources */ = {isa = PBXBuildFile; fileRef = 5FA2AE182A78F6E20093AC5F /* ExploreViewModel.swift */; };
		5FA2AE1B2A78FC070093AC5F /* TagModel.swift in Sources */ = {isa = PBXBuildFile; fileRef = 5FA2AE1A2A78FC070093AC5F /* TagModel.swift */; };
		5FB2A5C02A765FE800E8DEEC /* RepliesView.swift in Sources */ = {isa = PBXBuildFile; fileRef = 5FB2A5BF2A765FE800E8DEEC /* RepliesView.swift */; };
		5FB302FA2A7A5AA500E24932 /* CollectionManager.swift in Sources */ = {isa = PBXBuildFile; fileRef = 5FB302F92A7A5AA500E24932 /* CollectionManager.swift */; };
		5FB632892A6EC350006B3579 /* CreateNewChatRoomView.swift in Sources */ = {isa = PBXBuildFile; fileRef = 5FB632882A6EC350006B3579 /* CreateNewChatRoomView.swift */; };
		5FB6328D2A6ED99D006B3579 /* CustomDivider.swift in Sources */ = {isa = PBXBuildFile; fileRef = 5FB6328C2A6ED99D006B3579 /* CustomDivider.swift */; };
		5FB632902A6EE38C006B3579 /* WaterfallGrid in Frameworks */ = {isa = PBXBuildFile; productRef = 5FB6328F2A6EE38C006B3579 /* WaterfallGrid */; };
		5FB98BCF2A65AC9C00ED50ED /* SegmentedControlView.swift in Sources */ = {isa = PBXBuildFile; fileRef = 5FB98BCE2A65AC9C00ED50ED /* SegmentedControlView.swift */; };
		5FB98BDA2A65BA7400ED50ED /* NavigationHeaderView.swift in Sources */ = {isa = PBXBuildFile; fileRef = 5FB98BD92A65BA7400ED50ED /* NavigationHeaderView.swift */; };
		5FBBC1682A83F04500FF7F9B /* UserProfileViewModel.swift in Sources */ = {isa = PBXBuildFile; fileRef = 5FBBC1672A83F04500FF7F9B /* UserProfileViewModel.swift */; };
		5FC9B4FD2A84CDFD009E1EBB /* Modifiers.swift in Sources */ = {isa = PBXBuildFile; fileRef = 5FC9B4FC2A84CDFD009E1EBB /* Modifiers.swift */; };
		5FC9B4FF2A84E00E009E1EBB /* TextFieldView.swift in Sources */ = {isa = PBXBuildFile; fileRef = 5FC9B4FE2A84E00E009E1EBB /* TextFieldView.swift */; };
		5FC9B5022A84E23D009E1EBB /* AlertToast in Frameworks */ = {isa = PBXBuildFile; productRef = 5FC9B5012A84E23D009E1EBB /* AlertToast */; };
		5FC9B5042A8542E1009E1EBB /* HapticManager.swift in Sources */ = {isa = PBXBuildFile; fileRef = 5FC9B5032A8542E1009E1EBB /* HapticManager.swift */; };
		5FC9B5062A854D05009E1EBB /* FullScreenCoverProgressView.swift in Sources */ = {isa = PBXBuildFile; fileRef = 5FC9B5052A854D04009E1EBB /* FullScreenCoverProgressView.swift */; };
		5FCED55C2A6925B200DCF82B /* DismissButtonView.swift in Sources */ = {isa = PBXBuildFile; fileRef = 5FCED55B2A6925B200DCF82B /* DismissButtonView.swift */; };
		5FCED5602A692E5F00DCF82B /* View.swift in Sources */ = {isa = PBXBuildFile; fileRef = 5FCED55F2A692E5F00DCF82B /* View.swift */; };
		5FCED5642A69903F00DCF82B /* UserInfoCellView.swift in Sources */ = {isa = PBXBuildFile; fileRef = 5FCED5632A69903F00DCF82B /* UserInfoCellView.swift */; };
		5FE1786A2A6AD38D007AA8FF /* Font.swift in Sources */ = {isa = PBXBuildFile; fileRef = 5FE178692A6AD38D007AA8FF /* Font.swift */; };
		5FE1786F2A6ADBD0007AA8FF /* ChatRoomCardView.swift in Sources */ = {isa = PBXBuildFile; fileRef = 5FE1786E2A6ADBD0007AA8FF /* ChatRoomCardView.swift */; };
		5FEA7CC12A86972C006F19DB /* SoundService.swift in Sources */ = {isa = PBXBuildFile; fileRef = 5FEA7CC02A86972C006F19DB /* SoundService.swift */; };
		5FEA7CC62A8697F4006F19DB /* FlexibleView.swift in Sources */ = {isa = PBXBuildFile; fileRef = 5FEA7CC32A8697F4006F19DB /* FlexibleView.swift */; };
		5FEA7CCA2A869929006F19DB /* copy.mp3 in Resources */ = {isa = PBXBuildFile; fileRef = 5FEA7CC92A869928006F19DB /* copy.mp3 */; };
		5FEA7CCC2A86C24B006F19DB /* ReportPostModel.swift in Sources */ = {isa = PBXBuildFile; fileRef = 5FEA7CCB2A86C24B006F19DB /* ReportPostModel.swift */; };
		5FF51CDC2A8FB0FA0009934E /* EditProfileView.swift in Sources */ = {isa = PBXBuildFile; fileRef = 5FF51CDB2A8FB0FA0009934E /* EditProfileView.swift */; };
		5FF51CDE2A8FB6A60009934E /* PopUpAlertView.swift in Sources */ = {isa = PBXBuildFile; fileRef = 5FF51CDD2A8FB6A60009934E /* PopUpAlertView.swift */; };
		5FFCBB542A76A15C00E78FEA /* ReplyCardView.swift in Sources */ = {isa = PBXBuildFile; fileRef = 5FFCBB532A76A15C00E78FEA /* ReplyCardView.swift */; };
		5FFCBB562A76A21700E78FEA /* RepliesViewModel.swift in Sources */ = {isa = PBXBuildFile; fileRef = 5FFCBB552A76A21700E78FEA /* RepliesViewModel.swift */; };
/* End PBXBuildFile section */

/* Begin PBXFileReference section */
		5F0B06152A6BA95E00092D31 /* ChatRoomModel.swift */ = {isa = PBXFileReference; lastKnownFileType = sourcecode.swift; path = ChatRoomModel.swift; sourceTree = "<group>"; };
		5F0B061C2A6BA9FB00092D31 /* AuthenticationService.swift */ = {isa = PBXFileReference; lastKnownFileType = sourcecode.swift; path = AuthenticationService.swift; sourceTree = "<group>"; };
		5F0B061E2A6BAA3D00092D31 /* SignINWithGoogleViewController.swift */ = {isa = PBXFileReference; lastKnownFileType = sourcecode.swift; path = SignINWithGoogleViewController.swift; sourceTree = "<group>"; };
		5F0B06202A6BAAB300092D31 /* UserDataService.swift */ = {isa = PBXFileReference; lastKnownFileType = sourcecode.swift; path = UserDataService.swift; sourceTree = "<group>"; };
		5F0B06222A6BAB3500092D31 /* FireStoreStorageService.swift */ = {isa = PBXFileReference; lastKnownFileType = sourcecode.swift; path = FireStoreStorageService.swift; sourceTree = "<group>"; };
		5F0B06242A6BAB5900092D31 /* FileManagerService.swift */ = {isa = PBXFileReference; lastKnownFileType = sourcecode.swift; path = FileManagerService.swift; sourceTree = "<group>"; };
		5F0B06262A6BAB7900092D31 /* PostService.swift */ = {isa = PBXFileReference; lastKnownFileType = sourcecode.swift; path = PostService.swift; sourceTree = "<group>"; };
		5F0B06282A6BABB100092D31 /* ChatRoomService.swift */ = {isa = PBXFileReference; lastKnownFileType = sourcecode.swift; path = ChatRoomService.swift; sourceTree = "<group>"; };
		5F0B062A2A6BABD200092D31 /* Query.swift */ = {isa = PBXFileReference; lastKnownFileType = sourcecode.swift; path = Query.swift; sourceTree = "<group>"; };
		5F0B062C2A6BAC4D00092D31 /* AuthenticationViewModel.swift */ = {isa = PBXFileReference; lastKnownFileType = sourcecode.swift; path = AuthenticationViewModel.swift; sourceTree = "<group>"; };
		5F0B062E2A6BAC7700092D31 /* PhotoPickerViewModel.swift */ = {isa = PBXFileReference; lastKnownFileType = sourcecode.swift; path = PhotoPickerViewModel.swift; sourceTree = "<group>"; };
		5F0B06302A6BACC300092D31 /* HomeTabViewModel.swift */ = {isa = PBXFileReference; lastKnownFileType = sourcecode.swift; path = HomeTabViewModel.swift; sourceTree = "<group>"; };
		5F0B06322A6BACE100092D31 /* TagViewModel.swift */ = {isa = PBXFileReference; lastKnownFileType = sourcecode.swift; path = TagViewModel.swift; sourceTree = "<group>"; };
		5F0B06342A6BAD0C00092D31 /* ChatRoomViewModel.swift */ = {isa = PBXFileReference; lastKnownFileType = sourcecode.swift; path = ChatRoomViewModel.swift; sourceTree = "<group>"; };
		5F0B06362A6BAD4F00092D31 /* PostViewModel.swift */ = {isa = PBXFileReference; lastKnownFileType = sourcecode.swift; path = PostViewModel.swift; sourceTree = "<group>"; };
		5F1583692A880970007E2C77 /* SideMenuView.swift */ = {isa = PBXFileReference; lastKnownFileType = sourcecode.swift; path = SideMenuView.swift; sourceTree = "<group>"; };
		5F1667A12A8B5193001B6B1F /* exploreTabSkelton.json */ = {isa = PBXFileReference; fileEncoding = 4; lastKnownFileType = text.json; path = exploreTabSkelton.json; sourceTree = "<group>"; };
		5F1667A32A8B53B9001B6B1F /* chatRoomSkelton.json */ = {isa = PBXFileReference; fileEncoding = 4; lastKnownFileType = text.json; path = chatRoomSkelton.json; sourceTree = "<group>"; };
		5F1F043C2A80CD020022C749 /* MessageCardView.swift */ = {isa = PBXFileReference; lastKnownFileType = sourcecode.swift; path = MessageCardView.swift; sourceTree = "<group>"; };
		5F1FB3442A77C4B000C33423 /* TrendingService.swift */ = {isa = PBXFileReference; lastKnownFileType = sourcecode.swift; path = TrendingService.swift; sourceTree = "<group>"; };
		5F27E9E62A6C3D36009933A5 /* Error.swift */ = {isa = PBXFileReference; lastKnownFileType = sourcecode.swift; path = Error.swift; sourceTree = "<group>"; };
		5F31E7412A8A18300064215C /* ChatRoomMessagesView.swift */ = {isa = PBXFileReference; lastKnownFileType = sourcecode.swift; path = ChatRoomMessagesView.swift; sourceTree = "<group>"; };
		5F49182D2A6BDEF900644CA0 /* SetProfilePhotoView.swift */ = {isa = PBXFileReference; lastKnownFileType = sourcecode.swift; path = SetProfilePhotoView.swift; sourceTree = "<group>"; };
		5F4ACFA82A659B2A00E9D37E /* CoddyBuddy.app */ = {isa = PBXFileReference; explicitFileType = wrapper.application; includeInIndex = 0; path = CoddyBuddy.app; sourceTree = BUILT_PRODUCTS_DIR; };
		5F4ACFAB2A659B2A00E9D37E /* CoddyBuddyApp.swift */ = {isa = PBXFileReference; lastKnownFileType = sourcecode.swift; path = CoddyBuddyApp.swift; sourceTree = "<group>"; };
		5F4ACFAF2A659B2C00E9D37E /* Assets.xcassets */ = {isa = PBXFileReference; lastKnownFileType = folder.assetcatalog; path = Assets.xcassets; sourceTree = "<group>"; };
		5F4ACFB22A659B2C00E9D37E /* Preview Assets.xcassets */ = {isa = PBXFileReference; lastKnownFileType = folder.assetcatalog; path = "Preview Assets.xcassets"; sourceTree = "<group>"; };
		5F4ACFB92A659CED00E9D37E /* RootView.swift */ = {isa = PBXFileReference; lastKnownFileType = sourcecode.swift; path = RootView.swift; sourceTree = "<group>"; };
		5F4ACFBC2A659DC000E9D37E /* UserProfileModel.swift */ = {isa = PBXFileReference; lastKnownFileType = sourcecode.swift; path = UserProfileModel.swift; sourceTree = "<group>"; };
		5F4ACFC02A659E0100E9D37E /* Color.swift */ = {isa = PBXFileReference; lastKnownFileType = sourcecode.swift; path = Color.swift; sourceTree = "<group>"; };
		5F4ACFC22A659E4C00E9D37E /* UINavigationController.swift */ = {isa = PBXFileReference; lastKnownFileType = sourcecode.swift; path = UINavigationController.swift; sourceTree = "<group>"; };
		5F4ACFC42A659EBF00E9D37E /* Debugging.swift */ = {isa = PBXFileReference; lastKnownFileType = sourcecode.swift; path = Debugging.swift; sourceTree = "<group>"; };
		5F4ACFCF2A65A02E00E9D37E /* HomeTabView.swift */ = {isa = PBXFileReference; lastKnownFileType = sourcecode.swift; path = HomeTabView.swift; sourceTree = "<group>"; };
		5F4ACFD32A65A0B700E9D37E /* ExploreTabView.swift */ = {isa = PBXFileReference; lastKnownFileType = sourcecode.swift; path = ExploreTabView.swift; sourceTree = "<group>"; };
		5F4ACFD92A65A13600E9D37E /* UserProfileTabView.swift */ = {isa = PBXFileReference; lastKnownFileType = sourcecode.swift; path = UserProfileTabView.swift; sourceTree = "<group>"; };
		5F4ACFDE2A65A19200E9D37E /* ChatRoomTabView.swift */ = {isa = PBXFileReference; lastKnownFileType = sourcecode.swift; path = ChatRoomTabView.swift; sourceTree = "<group>"; };
		5F4ACFE62A65A87F00E9D37E /* Poppins-Light.ttf */ = {isa = PBXFileReference; lastKnownFileType = file; path = "Poppins-Light.ttf"; sourceTree = "<group>"; };
		5F4ACFE72A65A87F00E9D37E /* Poppins-ExtraBold.ttf */ = {isa = PBXFileReference; lastKnownFileType = file; path = "Poppins-ExtraBold.ttf"; sourceTree = "<group>"; };
		5F4ACFE82A65A87F00E9D37E /* Poppins-ExtraLight.ttf */ = {isa = PBXFileReference; lastKnownFileType = file; path = "Poppins-ExtraLight.ttf"; sourceTree = "<group>"; };
		5F4ACFE92A65A87F00E9D37E /* Poppins-Thin.ttf */ = {isa = PBXFileReference; lastKnownFileType = file; path = "Poppins-Thin.ttf"; sourceTree = "<group>"; };
		5F4ACFEA2A65A87F00E9D37E /* Poppins-Bold.ttf */ = {isa = PBXFileReference; lastKnownFileType = file; path = "Poppins-Bold.ttf"; sourceTree = "<group>"; };
		5F4ACFEB2A65A87F00E9D37E /* Poppins-Medium.ttf */ = {isa = PBXFileReference; lastKnownFileType = file; path = "Poppins-Medium.ttf"; sourceTree = "<group>"; };
		5F4ACFEC2A65A87F00E9D37E /* Poppins-Regular.ttf */ = {isa = PBXFileReference; lastKnownFileType = file; path = "Poppins-Regular.ttf"; sourceTree = "<group>"; };
		5F4ACFED2A65A87F00E9D37E /* OFL.txt */ = {isa = PBXFileReference; fileEncoding = 4; lastKnownFileType = text; path = OFL.txt; sourceTree = "<group>"; };
		5F4ACFEE2A65A87F00E9D37E /* Poppins-SemiBold.ttf */ = {isa = PBXFileReference; lastKnownFileType = file; path = "Poppins-SemiBold.ttf"; sourceTree = "<group>"; };
		5F4ACFEF2A65A87F00E9D37E /* Poppins-Black.ttf */ = {isa = PBXFileReference; lastKnownFileType = file; path = "Poppins-Black.ttf"; sourceTree = "<group>"; };
		5F4ACFFA2A65A8FB00E9D37E /* Info.plist */ = {isa = PBXFileReference; lastKnownFileType = text.plist; path = Info.plist; sourceTree = "<group>"; };
		5F4CE86B2A82290E0055B00D /* ChatRoomDetailsView.swift */ = {isa = PBXFileReference; lastKnownFileType = sourcecode.swift; path = ChatRoomDetailsView.swift; sourceTree = "<group>"; };
		5F5156642A6AE90600FB290B /* GoogleService-Info.plist */ = {isa = PBXFileReference; fileEncoding = 4; lastKnownFileType = text.plist.xml; path = "GoogleService-Info.plist"; sourceTree = "<group>"; };
		5F5156682A6AE9F900FB290B /* ValidationService.swift */ = {isa = PBXFileReference; lastKnownFileType = sourcecode.swift; path = ValidationService.swift; sourceTree = "<group>"; };
		5F51A87E2A8F5A3B00240349 /* SettingsView.swift */ = {isa = PBXFileReference; lastKnownFileType = sourcecode.swift; path = SettingsView.swift; sourceTree = "<group>"; };
		5F51A8802A8F654800240349 /* AppearanceSettingView.swift */ = {isa = PBXFileReference; lastKnownFileType = sourcecode.swift; path = AppearanceSettingView.swift; sourceTree = "<group>"; };
		5F555C5B2A6E708400DB3AC9 /* ProfilePhotoView.swift */ = {isa = PBXFileReference; lastKnownFileType = sourcecode.swift; path = ProfilePhotoView.swift; sourceTree = "<group>"; };
		5F555C5D2A6E70AE00DB3AC9 /* ProfilePhotoViewModel.swift */ = {isa = PBXFileReference; lastKnownFileType = sourcecode.swift; path = ProfilePhotoViewModel.swift; sourceTree = "<group>"; };
		5F57AD9E2A7D00160021145F /* ReplyPostModel.swift */ = {isa = PBXFileReference; lastKnownFileType = sourcecode.swift; path = ReplyPostModel.swift; sourceTree = "<group>"; };
		5F7F6C362A6A66AF000B9A4A /* WelcomeView.swift */ = {isa = PBXFileReference; lastKnownFileType = sourcecode.swift; path = WelcomeView.swift; sourceTree = "<group>"; };
		5F7F6C382A6A731C000B9A4A /* AuthMethodsView.swift */ = {isa = PBXFileReference; lastKnownFileType = sourcecode.swift; path = AuthMethodsView.swift; sourceTree = "<group>"; };
		5F7F6C3A2A6A7757000B9A4A /* StaticNavBarView.swift */ = {isa = PBXFileReference; lastKnownFileType = sourcecode.swift; path = StaticNavBarView.swift; sourceTree = "<group>"; };
		5F8113672A8AA712002D20A5 /* LottieAnimation.swift */ = {isa = PBXFileReference; lastKnownFileType = sourcecode.swift; path = LottieAnimation.swift; sourceTree = "<group>"; };
		5F8113712A8AA9A7002D20A5 /* postSkelton.json */ = {isa = PBXFileReference; fileEncoding = 4; lastKnownFileType = text.json; path = postSkelton.json; sourceTree = "<group>"; };
		5F8113772A8AAD36002D20A5 /* postSkelton2.json */ = {isa = PBXFileReference; fileEncoding = 4; lastKnownFileType = text.json; path = postSkelton2.json; sourceTree = "<group>"; };
		5F895AD52A71682D003F3FEE /* TagsFilterView.swift */ = {isa = PBXFileReference; lastKnownFileType = sourcecode.swift; path = TagsFilterView.swift; sourceTree = "<group>"; };
		5F934B432A66B6C500D1A035 /* SearchBarView.swift */ = {isa = PBXFileReference; lastKnownFileType = sourcecode.swift; path = SearchBarView.swift; sourceTree = "<group>"; };
		5F934B452A66E34B00D1A035 /* TabBarView.swift */ = {isa = PBXFileReference; lastKnownFileType = sourcecode.swift; path = TabBarView.swift; sourceTree = "<group>"; };
		5F934B482A66EA9500D1A035 /* TabSwitcherView.swift */ = {isa = PBXFileReference; lastKnownFileType = sourcecode.swift; path = TabSwitcherView.swift; sourceTree = "<group>"; };
		5F934B4E2A67058200D1A035 /* PostCardView.swift */ = {isa = PBXFileReference; lastKnownFileType = sourcecode.swift; path = PostCardView.swift; sourceTree = "<group>"; };
		5F934B512A67068100D1A035 /* PostModel.swift */ = {isa = PBXFileReference; lastKnownFileType = sourcecode.swift; path = PostModel.swift; sourceTree = "<group>"; };
		5F9653D42A7672DB0016EB40 /* ReplyService.swift */ = {isa = PBXFileReference; lastKnownFileType = sourcecode.swift; path = ReplyService.swift; sourceTree = "<group>"; };
		5F9A8D672A68334400141088 /* CreatePostView.swift */ = {isa = PBXFileReference; lastKnownFileType = sourcecode.swift; path = CreatePostView.swift; sourceTree = "<group>"; };
		5FA0B5B72A6A9716001CCB2B /* SignInView.swift */ = {isa = PBXFileReference; lastKnownFileType = sourcecode.swift; path = SignInView.swift; sourceTree = "<group>"; };
		5FA0B5B92A6A9EDE001CCB2B /* ResetPasswordView.swift */ = {isa = PBXFileReference; lastKnownFileType = sourcecode.swift; path = ResetPasswordView.swift; sourceTree = "<group>"; };
		5FA2AE182A78F6E20093AC5F /* ExploreViewModel.swift */ = {isa = PBXFileReference; lastKnownFileType = sourcecode.swift; path = ExploreViewModel.swift; sourceTree = "<group>"; };
		5FA2AE1A2A78FC070093AC5F /* TagModel.swift */ = {isa = PBXFileReference; lastKnownFileType = sourcecode.swift; path = TagModel.swift; sourceTree = "<group>"; };
		5FB2A5BF2A765FE800E8DEEC /* RepliesView.swift */ = {isa = PBXFileReference; lastKnownFileType = sourcecode.swift; path = RepliesView.swift; sourceTree = "<group>"; };
		5FB302F92A7A5AA500E24932 /* CollectionManager.swift */ = {isa = PBXFileReference; lastKnownFileType = sourcecode.swift; path = CollectionManager.swift; sourceTree = "<group>"; };
		5FB632882A6EC350006B3579 /* CreateNewChatRoomView.swift */ = {isa = PBXFileReference; lastKnownFileType = sourcecode.swift; path = CreateNewChatRoomView.swift; sourceTree = "<group>"; };
		5FB6328C2A6ED99D006B3579 /* CustomDivider.swift */ = {isa = PBXFileReference; lastKnownFileType = sourcecode.swift; path = CustomDivider.swift; sourceTree = "<group>"; };
		5FB98BCE2A65AC9C00ED50ED /* SegmentedControlView.swift */ = {isa = PBXFileReference; lastKnownFileType = sourcecode.swift; path = SegmentedControlView.swift; sourceTree = "<group>"; };
		5FB98BD92A65BA7400ED50ED /* NavigationHeaderView.swift */ = {isa = PBXFileReference; lastKnownFileType = sourcecode.swift; path = NavigationHeaderView.swift; sourceTree = "<group>"; };
		5FBBC1672A83F04500FF7F9B /* UserProfileViewModel.swift */ = {isa = PBXFileReference; lastKnownFileType = sourcecode.swift; path = UserProfileViewModel.swift; sourceTree = "<group>"; };
		5FC9B4FC2A84CDFD009E1EBB /* Modifiers.swift */ = {isa = PBXFileReference; lastKnownFileType = sourcecode.swift; path = Modifiers.swift; sourceTree = "<group>"; };
		5FC9B4FE2A84E00E009E1EBB /* TextFieldView.swift */ = {isa = PBXFileReference; lastKnownFileType = sourcecode.swift; path = TextFieldView.swift; sourceTree = "<group>"; };
		5FC9B5032A8542E1009E1EBB /* HapticManager.swift */ = {isa = PBXFileReference; lastKnownFileType = sourcecode.swift; path = HapticManager.swift; sourceTree = "<group>"; };
		5FC9B5052A854D04009E1EBB /* FullScreenCoverProgressView.swift */ = {isa = PBXFileReference; lastKnownFileType = sourcecode.swift; path = FullScreenCoverProgressView.swift; sourceTree = "<group>"; };
		5FCED55B2A6925B200DCF82B /* DismissButtonView.swift */ = {isa = PBXFileReference; lastKnownFileType = sourcecode.swift; path = DismissButtonView.swift; sourceTree = "<group>"; };
		5FCED55F2A692E5F00DCF82B /* View.swift */ = {isa = PBXFileReference; lastKnownFileType = sourcecode.swift; path = View.swift; sourceTree = "<group>"; };
		5FCED5632A69903F00DCF82B /* UserInfoCellView.swift */ = {isa = PBXFileReference; lastKnownFileType = sourcecode.swift; path = UserInfoCellView.swift; sourceTree = "<group>"; };
		5FE178692A6AD38D007AA8FF /* Font.swift */ = {isa = PBXFileReference; lastKnownFileType = sourcecode.swift; path = Font.swift; sourceTree = "<group>"; };
		5FE1786E2A6ADBD0007AA8FF /* ChatRoomCardView.swift */ = {isa = PBXFileReference; lastKnownFileType = sourcecode.swift; path = ChatRoomCardView.swift; sourceTree = "<group>"; };
		5FEA7CC02A86972C006F19DB /* SoundService.swift */ = {isa = PBXFileReference; lastKnownFileType = sourcecode.swift; path = SoundService.swift; sourceTree = "<group>"; };
		5FEA7CC32A8697F4006F19DB /* FlexibleView.swift */ = {isa = PBXFileReference; fileEncoding = 4; lastKnownFileType = sourcecode.swift; path = FlexibleView.swift; sourceTree = "<group>"; };
		5FEA7CC92A869928006F19DB /* copy.mp3 */ = {isa = PBXFileReference; lastKnownFileType = audio.mp3; path = copy.mp3; sourceTree = "<group>"; };
		5FEA7CCB2A86C24B006F19DB /* ReportPostModel.swift */ = {isa = PBXFileReference; lastKnownFileType = sourcecode.swift; path = ReportPostModel.swift; sourceTree = "<group>"; };
		5FF51CDB2A8FB0FA0009934E /* EditProfileView.swift */ = {isa = PBXFileReference; lastKnownFileType = sourcecode.swift; path = EditProfileView.swift; sourceTree = "<group>"; };
		5FF51CDD2A8FB6A60009934E /* PopUpAlertView.swift */ = {isa = PBXFileReference; lastKnownFileType = sourcecode.swift; path = PopUpAlertView.swift; sourceTree = "<group>"; };
		5FFCBB532A76A15C00E78FEA /* ReplyCardView.swift */ = {isa = PBXFileReference; lastKnownFileType = sourcecode.swift; path = ReplyCardView.swift; sourceTree = "<group>"; };
		5FFCBB552A76A21700E78FEA /* RepliesViewModel.swift */ = {isa = PBXFileReference; lastKnownFileType = sourcecode.swift; path = RepliesViewModel.swift; sourceTree = "<group>"; };
/* End PBXFileReference section */

/* Begin PBXFrameworksBuildPhase section */
		5F4ACFA52A659B2A00E9D37E /* Frameworks */ = {
			isa = PBXFrameworksBuildPhase;
			buildActionMask = 2147483647;
			files = (
				5F5156612A6AE77C00FB290B /* FirebaseFirestoreSwift in Frameworks */,
				5F51565B2A6AE77C00FB290B /* FirebaseAnalyticsSwift in Frameworks */,
				5F51565F2A6AE77C00FB290B /* FirebaseFirestore in Frameworks */,
				5FC9B5022A84E23D009E1EBB /* AlertToast in Frameworks */,
				5FB632902A6EE38C006B3579 /* WaterfallGrid in Frameworks */,
				5F0B061B2A6BA9B400092D31 /* GoogleSignInSwift in Frameworks */,
				5F9CDA912A8615AF00FA2CA5 /* SwiftUITrackableScrollView in Frameworks */,
				5F51565D2A6AE77C00FB290B /* FirebaseAuth in Frameworks */,
				5F5156592A6AE77C00FB290B /* FirebaseAnalytics in Frameworks */,
				5F5156632A6AE77C00FB290B /* FirebaseStorage in Frameworks */,
				5F0B06192A6BA9B400092D31 /* GoogleSignIn in Frameworks */,
				5F8113662A8AA685002D20A5 /* Lottie in Frameworks */,
			);
			runOnlyForDeploymentPostprocessing = 0;
		};
/* End PBXFrameworksBuildPhase section */

/* Begin PBXGroup section */
		5F1667A52A8B7033001B6B1F /* Utilities */ = {
			isa = PBXGroup;
			children = (
				5FEA7CC02A86972C006F19DB /* SoundService.swift */,
				5FC9B5032A8542E1009E1EBB /* HapticManager.swift */,
				5F5156682A6AE9F900FB290B /* ValidationService.swift */,
			);
			path = Utilities;
			sourceTree = "<group>";
		};
		5F205A9E2A87330D000ECF10 /* Assets */ = {
			isa = PBXGroup;
			children = (
				5F81136A2A8AA88D002D20A5 /* Sounds */,
				5F8113692A8AA873002D20A5 /* LottieAnimationFiles */,
				5F4ACFE52A65A80F00E9D37E /* Fonts */,
			);
			path = Assets;
			sourceTree = "<group>";
		};
		5F4ACF9F2A659B2A00E9D37E = {
			isa = PBXGroup;
			children = (
				5F4ACFAA2A659B2A00E9D37E /* CoddyBuddy */,
				5F4ACFA92A659B2A00E9D37E /* Products */,
			);
			sourceTree = "<group>";
		};
		5F4ACFA92A659B2A00E9D37E /* Products */ = {
			isa = PBXGroup;
			children = (
				5F4ACFA82A659B2A00E9D37E /* CoddyBuddy.app */,
			);
			name = Products;
			sourceTree = "<group>";
		};
		5F4ACFAA2A659B2A00E9D37E /* CoddyBuddy */ = {
			isa = PBXGroup;
			children = (
				5F4ACFAB2A659B2A00E9D37E /* CoddyBuddyApp.swift */,
				5F934B472A66EA6600D1A035 /* Root */,
				5F4ACFBB2A659DA900E9D37E /* Models */,
				5F1667A52A8B7033001B6B1F /* Utilities */,
				5F4ACFD82A65A11000E9D37E /* Service+Manager */,
				5F4ACFBF2A659DF200E9D37E /* Extensions */,
				5F934B562A670EE400D1A035 /* Components */,
				5FCED5652A6998EA00DCF82B /* OnBoarding */,
				5FE1786B2A6AD9FC007AA8FF /* Authentication */,
				5F4ACFCB2A659FEE00E9D37E /* Home */,
				5F555C582A6E705F00DB3AC9 /* Profile Photo */,
				5F4ACFE02A65A1C900E9D37E /* Post */,
				5F4ACFD12A65A06800E9D37E /* Explore */,
				5F4ACFD52A65A0F100E9D37E /* Profile */,
				5F4ACFDB2A65A17300E9D37E /* ChatRoom */,
				5F51A87C2A8F5A1B00240349 /* Settings */,
				5F205A9E2A87330D000ECF10 /* Assets */,
				5F4ACFB12A659B2C00E9D37E /* Preview Content */,
				5F4ACFC42A659EBF00E9D37E /* Debugging.swift */,
				5F4ACFAF2A659B2C00E9D37E /* Assets.xcassets */,
				5F5156642A6AE90600FB290B /* GoogleService-Info.plist */,
				5F4ACFFA2A65A8FB00E9D37E /* Info.plist */,
			);
			path = CoddyBuddy;
			sourceTree = "<group>";
		};
		5F4ACFB12A659B2C00E9D37E /* Preview Content */ = {
			isa = PBXGroup;
			children = (
				5F4ACFB22A659B2C00E9D37E /* Preview Assets.xcassets */,
			);
			path = "Preview Content";
			sourceTree = "<group>";
		};
		5F4ACFBB2A659DA900E9D37E /* Models */ = {
			isa = PBXGroup;
			children = (
				5F4ACFBC2A659DC000E9D37E /* UserProfileModel.swift */,
				5F934B512A67068100D1A035 /* PostModel.swift */,
				5FEA7CCB2A86C24B006F19DB /* ReportPostModel.swift */,
				5F57AD9E2A7D00160021145F /* ReplyPostModel.swift */,
				5FA2AE1A2A78FC070093AC5F /* TagModel.swift */,
				5F0B06152A6BA95E00092D31 /* ChatRoomModel.swift */,
			);
			path = Models;
			sourceTree = "<group>";
		};
		5F4ACFBF2A659DF200E9D37E /* Extensions */ = {
			isa = PBXGroup;
			children = (
				5F4ACFC02A659E0100E9D37E /* Color.swift */,
				5F4ACFC22A659E4C00E9D37E /* UINavigationController.swift */,
				5FCED55F2A692E5F00DCF82B /* View.swift */,
				5FC9B4FC2A84CDFD009E1EBB /* Modifiers.swift */,
				5FE178692A6AD38D007AA8FF /* Font.swift */,
				5F0B062A2A6BABD200092D31 /* Query.swift */,
				5F27E9E62A6C3D36009933A5 /* Error.swift */,
			);
			path = Extensions;
			sourceTree = "<group>";
		};
		5F4ACFCB2A659FEE00E9D37E /* Home */ = {
			isa = PBXGroup;
			children = (
				5F4ACFCD2A659FF800E9D37E /* ViewModels */,
				5F4ACFCC2A659FF200E9D37E /* Views */,
			);
			path = Home;
			sourceTree = "<group>";
		};
		5F4ACFCC2A659FF200E9D37E /* Views */ = {
			isa = PBXGroup;
			children = (
				5F4ACFCF2A65A02E00E9D37E /* HomeTabView.swift */,
				5F1583692A880970007E2C77 /* SideMenuView.swift */,
			);
			path = Views;
			sourceTree = "<group>";
		};
		5F4ACFCD2A659FF800E9D37E /* ViewModels */ = {
			isa = PBXGroup;
			children = (
				5F0B06302A6BACC300092D31 /* HomeTabViewModel.swift */,
			);
			path = ViewModels;
			sourceTree = "<group>";
		};
		5F4ACFD12A65A06800E9D37E /* Explore */ = {
			isa = PBXGroup;
			children = (
				5FA2AE172A78F6C30093AC5F /* ViewModel */,
				5F4ACFD22A65A0AC00E9D37E /* Views */,
			);
			path = Explore;
			sourceTree = "<group>";
		};
		5F4ACFD22A65A0AC00E9D37E /* Views */ = {
			isa = PBXGroup;
			children = (
				5F4ACFD32A65A0B700E9D37E /* ExploreTabView.swift */,
			);
			path = Views;
			sourceTree = "<group>";
		};
		5F4ACFD52A65A0F100E9D37E /* Profile */ = {
			isa = PBXGroup;
			children = (
				5F4ACFD72A65A10600E9D37E /* ViewModel */,
				5F4ACFD62A65A10000E9D37E /* Views */,
			);
			path = Profile;
			sourceTree = "<group>";
		};
		5F4ACFD62A65A10000E9D37E /* Views */ = {
			isa = PBXGroup;
			children = (
				5F4ACFD92A65A13600E9D37E /* UserProfileTabView.swift */,
				5FF51CDB2A8FB0FA0009934E /* EditProfileView.swift */,
			);
			path = Views;
			sourceTree = "<group>";
		};
		5F4ACFD72A65A10600E9D37E /* ViewModel */ = {
			isa = PBXGroup;
			children = (
				5FBBC1672A83F04500FF7F9B /* UserProfileViewModel.swift */,
			);
			path = ViewModel;
			sourceTree = "<group>";
		};
		5F4ACFD82A65A11000E9D37E /* Service+Manager */ = {
			isa = PBXGroup;
			children = (
				5FB302F92A7A5AA500E24932 /* CollectionManager.swift */,
				5F0B061C2A6BA9FB00092D31 /* AuthenticationService.swift */,
				5F0B06202A6BAAB300092D31 /* UserDataService.swift */,
				5F0B06222A6BAB3500092D31 /* FireStoreStorageService.swift */,
				5F0B06242A6BAB5900092D31 /* FileManagerService.swift */,
				5F0B06262A6BAB7900092D31 /* PostService.swift */,
				5F9653D42A7672DB0016EB40 /* ReplyService.swift */,
				5F1FB3442A77C4B000C33423 /* TrendingService.swift */,
				5F0B06282A6BABB100092D31 /* ChatRoomService.swift */,
			);
			path = "Service+Manager";
			sourceTree = "<group>";
		};
		5F4ACFDB2A65A17300E9D37E /* ChatRoom */ = {
			isa = PBXGroup;
			children = (
				5F4ACFDD2A65A18000E9D37E /* ViewModel */,
				5F4ACFDC2A65A17A00E9D37E /* Views */,
			);
			path = ChatRoom;
			sourceTree = "<group>";
		};
		5F4ACFDC2A65A17A00E9D37E /* Views */ = {
			isa = PBXGroup;
			children = (
				5F4CE86B2A82290E0055B00D /* ChatRoomDetailsView.swift */,
				5F1F043C2A80CD020022C749 /* MessageCardView.swift */,
				5F4ACFDE2A65A19200E9D37E /* ChatRoomTabView.swift */,
				5FE1786E2A6ADBD0007AA8FF /* ChatRoomCardView.swift */,
				5FB632882A6EC350006B3579 /* CreateNewChatRoomView.swift */,
				5F31E7412A8A18300064215C /* ChatRoomMessagesView.swift */,
			);
			path = Views;
			sourceTree = "<group>";
		};
		5F4ACFDD2A65A18000E9D37E /* ViewModel */ = {
			isa = PBXGroup;
			children = (
				5F0B06342A6BAD0C00092D31 /* ChatRoomViewModel.swift */,
			);
			path = ViewModel;
			sourceTree = "<group>";
		};
		5F4ACFE02A65A1C900E9D37E /* Post */ = {
			isa = PBXGroup;
			children = (
				5F4ACFE22A65A1D900E9D37E /* ViewModels */,
				5F4ACFE12A65A1CE00E9D37E /* Views */,
			);
			path = Post;
			sourceTree = "<group>";
		};
		5F4ACFE12A65A1CE00E9D37E /* Views */ = {
			isa = PBXGroup;
			children = (
				5F9A8D672A68334400141088 /* CreatePostView.swift */,
				5F934B4E2A67058200D1A035 /* PostCardView.swift */,
				5FFCBB532A76A15C00E78FEA /* ReplyCardView.swift */,
				5F895AD52A71682D003F3FEE /* TagsFilterView.swift */,
				5FB2A5BF2A765FE800E8DEEC /* RepliesView.swift */,
			);
			path = Views;
			sourceTree = "<group>";
		};
		5F4ACFE22A65A1D900E9D37E /* ViewModels */ = {
			isa = PBXGroup;
			children = (
				5F0B06362A6BAD4F00092D31 /* PostViewModel.swift */,
				5FFCBB552A76A21700E78FEA /* RepliesViewModel.swift */,
				5F0B06322A6BACE100092D31 /* TagViewModel.swift */,
			);
			path = ViewModels;
			sourceTree = "<group>";
		};
		5F4ACFE52A65A80F00E9D37E /* Fonts */ = {
			isa = PBXGroup;
			children = (
				5F4ACFED2A65A87F00E9D37E /* OFL.txt */,
				5F4ACFEF2A65A87F00E9D37E /* Poppins-Black.ttf */,
				5F4ACFEA2A65A87F00E9D37E /* Poppins-Bold.ttf */,
				5F4ACFE72A65A87F00E9D37E /* Poppins-ExtraBold.ttf */,
				5F4ACFE82A65A87F00E9D37E /* Poppins-ExtraLight.ttf */,
				5F4ACFE62A65A87F00E9D37E /* Poppins-Light.ttf */,
				5F4ACFEB2A65A87F00E9D37E /* Poppins-Medium.ttf */,
				5F4ACFEC2A65A87F00E9D37E /* Poppins-Regular.ttf */,
				5F4ACFEE2A65A87F00E9D37E /* Poppins-SemiBold.ttf */,
				5F4ACFE92A65A87F00E9D37E /* Poppins-Thin.ttf */,
			);
			path = Fonts;
			sourceTree = "<group>";
		};
		5F51A87C2A8F5A1B00240349 /* Settings */ = {
			isa = PBXGroup;
			children = (
				5F51A87D2A8F5A2900240349 /* Views */,
			);
			path = Settings;
			sourceTree = "<group>";
		};
		5F51A87D2A8F5A2900240349 /* Views */ = {
			isa = PBXGroup;
			children = (
				5F51A87E2A8F5A3B00240349 /* SettingsView.swift */,
				5F51A8802A8F654800240349 /* AppearanceSettingView.swift */,
			);
			path = Views;
			sourceTree = "<group>";
		};
		5F555C582A6E705F00DB3AC9 /* Profile Photo */ = {
			isa = PBXGroup;
			children = (
				5F555C592A6E706900DB3AC9 /* ViewModel */,
				5F555C5A2A6E706F00DB3AC9 /* View */,
			);
			path = "Profile Photo";
			sourceTree = "<group>";
		};
		5F555C592A6E706900DB3AC9 /* ViewModel */ = {
			isa = PBXGroup;
			children = (
				5F555C5D2A6E70AE00DB3AC9 /* ProfilePhotoViewModel.swift */,
			);
			path = ViewModel;
			sourceTree = "<group>";
		};
		5F555C5A2A6E706F00DB3AC9 /* View */ = {
			isa = PBXGroup;
			children = (
				5F555C5B2A6E708400DB3AC9 /* ProfilePhotoView.swift */,
			);
			path = View;
			sourceTree = "<group>";
		};
		5F8113692A8AA873002D20A5 /* LottieAnimationFiles */ = {
			isa = PBXGroup;
			children = (
				5F8113712A8AA9A7002D20A5 /* postSkelton.json */,
				5F1667A12A8B5193001B6B1F /* exploreTabSkelton.json */,
				5F1667A32A8B53B9001B6B1F /* chatRoomSkelton.json */,
				5F8113772A8AAD36002D20A5 /* postSkelton2.json */,
			);
			path = LottieAnimationFiles;
			sourceTree = "<group>";
		};
		5F81136A2A8AA88D002D20A5 /* Sounds */ = {
			isa = PBXGroup;
			children = (
				5FEA7CC92A869928006F19DB /* copy.mp3 */,
			);
			path = Sounds;
			sourceTree = "<group>";
		};
		5F934B472A66EA6600D1A035 /* Root */ = {
			isa = PBXGroup;
			children = (
				5F4ACFB92A659CED00E9D37E /* RootView.swift */,
				5F934B482A66EA9500D1A035 /* TabSwitcherView.swift */,
			);
			path = Root;
			sourceTree = "<group>";
		};
		5F934B562A670EE400D1A035 /* Components */ = {
			isa = PBXGroup;
			children = (
				5F934B432A66B6C500D1A035 /* SearchBarView.swift */,
				5FC9B4FE2A84E00E009E1EBB /* TextFieldView.swift */,
				5FCED55B2A6925B200DCF82B /* DismissButtonView.swift */,
				5FF51CDD2A8FB6A60009934E /* PopUpAlertView.swift */,
				5FB98BCE2A65AC9C00ED50ED /* SegmentedControlView.swift */,
				5FB98BD92A65BA7400ED50ED /* NavigationHeaderView.swift */,
				5FEA7CC32A8697F4006F19DB /* FlexibleView.swift */,
				5F934B452A66E34B00D1A035 /* TabBarView.swift */,
				5FCED5632A69903F00DCF82B /* UserInfoCellView.swift */,
				5F7F6C3A2A6A7757000B9A4A /* StaticNavBarView.swift */,
				5FB6328C2A6ED99D006B3579 /* CustomDivider.swift */,
				5FC9B5052A854D04009E1EBB /* FullScreenCoverProgressView.swift */,
				5F8113672A8AA712002D20A5 /* LottieAnimation.swift */,
			);
			path = Components;
			sourceTree = "<group>";
		};
		5FA2AE172A78F6C30093AC5F /* ViewModel */ = {
			isa = PBXGroup;
			children = (
				5FA2AE182A78F6E20093AC5F /* ExploreViewModel.swift */,
			);
			path = ViewModel;
			sourceTree = "<group>";
		};
		5FCED5652A6998EA00DCF82B /* OnBoarding */ = {
			isa = PBXGroup;
			children = (
				5F7F6C362A6A66AF000B9A4A /* WelcomeView.swift */,
			);
			path = OnBoarding;
			sourceTree = "<group>";
		};
		5FE1786B2A6AD9FC007AA8FF /* Authentication */ = {
			isa = PBXGroup;
			children = (
				5FE1786D2A6ADA0C007AA8FF /* ViewModel */,
				5FE1786C2A6ADA05007AA8FF /* View */,
			);
			path = Authentication;
			sourceTree = "<group>";
		};
		5FE1786C2A6ADA05007AA8FF /* View */ = {
			isa = PBXGroup;
			children = (
				5F7F6C382A6A731C000B9A4A /* AuthMethodsView.swift */,
				5FA0B5B72A6A9716001CCB2B /* SignInView.swift */,
				5F49182D2A6BDEF900644CA0 /* SetProfilePhotoView.swift */,
				5FA0B5B92A6A9EDE001CCB2B /* ResetPasswordView.swift */,
			);
			path = View;
			sourceTree = "<group>";
		};
		5FE1786D2A6ADA0C007AA8FF /* ViewModel */ = {
			isa = PBXGroup;
			children = (
				5F0B062C2A6BAC4D00092D31 /* AuthenticationViewModel.swift */,
				5F0B062E2A6BAC7700092D31 /* PhotoPickerViewModel.swift */,
				5F0B061E2A6BAA3D00092D31 /* SignINWithGoogleViewController.swift */,
			);
			path = ViewModel;
			sourceTree = "<group>";
		};
/* End PBXGroup section */

/* Begin PBXNativeTarget section */
		5F4ACFA72A659B2A00E9D37E /* CoddyBuddy */ = {
			isa = PBXNativeTarget;
			buildConfigurationList = 5F4ACFB62A659B2C00E9D37E /* Build configuration list for PBXNativeTarget "CoddyBuddy" */;
			buildPhases = (
				5F4ACFA42A659B2A00E9D37E /* Sources */,
				5F4ACFA52A659B2A00E9D37E /* Frameworks */,
				5F4ACFA62A659B2A00E9D37E /* Resources */,
			);
			buildRules = (
			);
			dependencies = (
			);
			name = CoddyBuddy;
			packageProductDependencies = (
				5F5156582A6AE77C00FB290B /* FirebaseAnalytics */,
				5F51565A2A6AE77C00FB290B /* FirebaseAnalyticsSwift */,
				5F51565C2A6AE77C00FB290B /* FirebaseAuth */,
				5F51565E2A6AE77C00FB290B /* FirebaseFirestore */,
				5F5156602A6AE77C00FB290B /* FirebaseFirestoreSwift */,
				5F5156622A6AE77C00FB290B /* FirebaseStorage */,
				5F0B06182A6BA9B400092D31 /* GoogleSignIn */,
				5F0B061A2A6BA9B400092D31 /* GoogleSignInSwift */,
				5FB6328F2A6EE38C006B3579 /* WaterfallGrid */,
				5FC9B5012A84E23D009E1EBB /* AlertToast */,
				5F9CDA902A8615AF00FA2CA5 /* SwiftUITrackableScrollView */,
				5F8113652A8AA685002D20A5 /* Lottie */,
			);
			productName = CoddyBuddy;
			productReference = 5F4ACFA82A659B2A00E9D37E /* CoddyBuddy.app */;
			productType = "com.apple.product-type.application";
		};
/* End PBXNativeTarget section */

/* Begin PBXProject section */
		5F4ACFA02A659B2A00E9D37E /* Project object */ = {
			isa = PBXProject;
			attributes = {
				BuildIndependentTargetsInParallel = 1;
				LastSwiftUpdateCheck = 1430;
				LastUpgradeCheck = 1430;
				TargetAttributes = {
					5F4ACFA72A659B2A00E9D37E = {
						CreatedOnToolsVersion = 14.3.1;
					};
				};
			};
			buildConfigurationList = 5F4ACFA32A659B2A00E9D37E /* Build configuration list for PBXProject "CoddyBuddy" */;
			compatibilityVersion = "Xcode 14.0";
			developmentRegion = en;
			hasScannedForEncodings = 0;
			knownRegions = (
				en,
				Base,
			);
			mainGroup = 5F4ACF9F2A659B2A00E9D37E;
			packageReferences = (
				5F5156572A6AE77C00FB290B /* XCRemoteSwiftPackageReference "firebase-ios-sdk" */,
				5F0B06172A6BA9B400092D31 /* XCRemoteSwiftPackageReference "GoogleSignIn-iOS" */,
				5FB6328E2A6EE38C006B3579 /* XCRemoteSwiftPackageReference "WaterfallGrid" */,
				5FC9B5002A84E23D009E1EBB /* XCRemoteSwiftPackageReference "AlertToast" */,
				5F9CDA8F2A8615AF00FA2CA5 /* XCRemoteSwiftPackageReference "trackable-scroll-view" */,
				5F8113642A8AA685002D20A5 /* XCRemoteSwiftPackageReference "lottie-ios" */,
			);
			productRefGroup = 5F4ACFA92A659B2A00E9D37E /* Products */;
			projectDirPath = "";
			projectRoot = "";
			targets = (
				5F4ACFA72A659B2A00E9D37E /* CoddyBuddy */,
			);
		};
/* End PBXProject section */

/* Begin PBXResourcesBuildPhase section */
		5F4ACFA62A659B2A00E9D37E /* Resources */ = {
			isa = PBXResourcesBuildPhase;
			buildActionMask = 2147483647;
			files = (
				5F5156652A6AE90600FB290B /* GoogleService-Info.plist in Resources */,
				5F8113782A8AAD36002D20A5 /* postSkelton2.json in Resources */,
				5F4ACFF92A65A87F00E9D37E /* Poppins-Black.ttf in Resources */,
				5F4ACFF72A65A87F00E9D37E /* OFL.txt in Resources */,
				5F4ACFF22A65A87F00E9D37E /* Poppins-ExtraLight.ttf in Resources */,
				5F8113722A8AA9A7002D20A5 /* postSkelton.json in Resources */,
				5F4ACFF82A65A87F00E9D37E /* Poppins-SemiBold.ttf in Resources */,
				5F4ACFF12A65A87F00E9D37E /* Poppins-ExtraBold.ttf in Resources */,
				5F4ACFF42A65A87F00E9D37E /* Poppins-Bold.ttf in Resources */,
				5F4ACFF62A65A87F00E9D37E /* Poppins-Regular.ttf in Resources */,
				5F4ACFB32A659B2C00E9D37E /* Preview Assets.xcassets in Resources */,
				5F4ACFF32A65A87F00E9D37E /* Poppins-Thin.ttf in Resources */,
				5F4ACFF52A65A87F00E9D37E /* Poppins-Medium.ttf in Resources */,
				5FEA7CCA2A869929006F19DB /* copy.mp3 in Resources */,
				5F4ACFF02A65A87F00E9D37E /* Poppins-Light.ttf in Resources */,
				5F1667A42A8B53B9001B6B1F /* chatRoomSkelton.json in Resources */,
				5F1667A22A8B5193001B6B1F /* exploreTabSkelton.json in Resources */,
				5F4ACFB02A659B2C00E9D37E /* Assets.xcassets in Resources */,
			);
			runOnlyForDeploymentPostprocessing = 0;
		};
/* End PBXResourcesBuildPhase section */

/* Begin PBXSourcesBuildPhase section */
		5F4ACFA42A659B2A00E9D37E /* Sources */ = {
			isa = PBXSourcesBuildPhase;
			buildActionMask = 2147483647;
			files = (
				5F0B06372A6BAD4F00092D31 /* PostViewModel.swift in Sources */,
				5F0B06212A6BAAB300092D31 /* UserDataService.swift in Sources */,
				5FA0B5BA2A6A9EDF001CCB2B /* ResetPasswordView.swift in Sources */,
				5FA2AE192A78F6E20093AC5F /* ExploreViewModel.swift in Sources */,
				5F934B522A67068100D1A035 /* PostModel.swift in Sources */,
				5F0B061F2A6BAA3D00092D31 /* SignINWithGoogleViewController.swift in Sources */,
				5F0B062D2A6BAC4D00092D31 /* AuthenticationViewModel.swift in Sources */,
				5FCED5602A692E5F00DCF82B /* View.swift in Sources */,
				5F4ACFBD2A659DC000E9D37E /* UserProfileModel.swift in Sources */,
				5F0B06232A6BAB3500092D31 /* FireStoreStorageService.swift in Sources */,
				5F51A8812A8F654800240349 /* AppearanceSettingView.swift in Sources */,
				5FCED55C2A6925B200DCF82B /* DismissButtonView.swift in Sources */,
				5F57AD9F2A7D00160021145F /* ReplyPostModel.swift in Sources */,
				5FF51CDC2A8FB0FA0009934E /* EditProfileView.swift in Sources */,
				5F0B06292A6BABB100092D31 /* ChatRoomService.swift in Sources */,
				5FEA7CC12A86972C006F19DB /* SoundService.swift in Sources */,
				5F4ACFD42A65A0B700E9D37E /* ExploreTabView.swift in Sources */,
				5FBBC1682A83F04500FF7F9B /* UserProfileViewModel.swift in Sources */,
				5FCED5642A69903F00DCF82B /* UserInfoCellView.swift in Sources */,
				5FC9B5062A854D05009E1EBB /* FullScreenCoverProgressView.swift in Sources */,
				5FFCBB562A76A21700E78FEA /* RepliesViewModel.swift in Sources */,
				5F0B06162A6BA95E00092D31 /* ChatRoomModel.swift in Sources */,
				5F5156692A6AE9F900FB290B /* ValidationService.swift in Sources */,
				5F4ACFC52A659EBF00E9D37E /* Debugging.swift in Sources */,
				5FF51CDE2A8FB6A60009934E /* PopUpAlertView.swift in Sources */,
				5F4ACFC32A659E4C00E9D37E /* UINavigationController.swift in Sources */,
				5FC9B4FF2A84E00E009E1EBB /* TextFieldView.swift in Sources */,
				5F4ACFDF2A65A19200E9D37E /* ChatRoomTabView.swift in Sources */,
				5FB98BCF2A65AC9C00ED50ED /* SegmentedControlView.swift in Sources */,
				5F0B06312A6BACC300092D31 /* HomeTabViewModel.swift in Sources */,
				5F9653D52A7672DB0016EB40 /* ReplyService.swift in Sources */,
				5F4CE86C2A82290E0055B00D /* ChatRoomDetailsView.swift in Sources */,
				5F0B06272A6BAB7900092D31 /* PostService.swift in Sources */,
				5F7F6C372A6A66AF000B9A4A /* WelcomeView.swift in Sources */,
				5F0B062B2A6BABD200092D31 /* Query.swift in Sources */,
				5FB632892A6EC350006B3579 /* CreateNewChatRoomView.swift in Sources */,
				5F934B462A66E34B00D1A035 /* TabBarView.swift in Sources */,
				5F9A8D682A68334400141088 /* CreatePostView.swift in Sources */,
				5F51A87F2A8F5A3B00240349 /* SettingsView.swift in Sources */,
				5FB2A5C02A765FE800E8DEEC /* RepliesView.swift in Sources */,
				5F0B06332A6BACE100092D31 /* TagViewModel.swift in Sources */,
				5FE1786F2A6ADBD0007AA8FF /* ChatRoomCardView.swift in Sources */,
				5F0B06252A6BAB5900092D31 /* FileManagerService.swift in Sources */,
				5FB98BDA2A65BA7400ED50ED /* NavigationHeaderView.swift in Sources */,
				5F555C5E2A6E70AE00DB3AC9 /* ProfilePhotoViewModel.swift in Sources */,
				5F934B442A66B6C500D1A035 /* SearchBarView.swift in Sources */,
				5FEA7CCC2A86C24B006F19DB /* ReportPostModel.swift in Sources */,
				5F1FB3452A77C4B000C33423 /* TrendingService.swift in Sources */,
				5FEA7CC62A8697F4006F19DB /* FlexibleView.swift in Sources */,
				5F895AD62A71682D003F3FEE /* TagsFilterView.swift in Sources */,
				5F4ACFDA2A65A13600E9D37E /* UserProfileTabView.swift in Sources */,
				5F1F043D2A80CD020022C749 /* MessageCardView.swift in Sources */,
				5F4ACFC12A659E0100E9D37E /* Color.swift in Sources */,
				5F4ACFAC2A659B2A00E9D37E /* CoddyBuddyApp.swift in Sources */,
				5FB6328D2A6ED99D006B3579 /* CustomDivider.swift in Sources */,
				5FB302FA2A7A5AA500E24932 /* CollectionManager.swift in Sources */,
				5F31E7422A8A18300064215C /* ChatRoomMessagesView.swift in Sources */,
				5F934B4F2A67058200D1A035 /* PostCardView.swift in Sources */,
				5F934B492A66EA9500D1A035 /* TabSwitcherView.swift in Sources */,
				5F15836A2A880970007E2C77 /* SideMenuView.swift in Sources */,
				5F7F6C3B2A6A7757000B9A4A /* StaticNavBarView.swift in Sources */,
				5F0B062F2A6BAC7700092D31 /* PhotoPickerViewModel.swift in Sources */,
				5F8113682A8AA712002D20A5 /* LottieAnimation.swift in Sources */,
				5F4ACFBA2A659CED00E9D37E /* RootView.swift in Sources */,
				5FFCBB542A76A15C00E78FEA /* ReplyCardView.swift in Sources */,
				5FA2AE1B2A78FC070093AC5F /* TagModel.swift in Sources */,
				5F27E9E72A6C3D36009933A5 /* Error.swift in Sources */,
				5F49182E2A6BDEF900644CA0 /* SetProfilePhotoView.swift in Sources */,
				5FC9B5042A8542E1009E1EBB /* HapticManager.swift in Sources */,
				5FE1786A2A6AD38D007AA8FF /* Font.swift in Sources */,
				5F4ACFD02A65A02E00E9D37E /* HomeTabView.swift in Sources */,
				5F555C5C2A6E708400DB3AC9 /* ProfilePhotoView.swift in Sources */,
				5F0B06352A6BAD0C00092D31 /* ChatRoomViewModel.swift in Sources */,
				5FC9B4FD2A84CDFD009E1EBB /* Modifiers.swift in Sources */,
				5F7F6C392A6A731C000B9A4A /* AuthMethodsView.swift in Sources */,
				5FA0B5B82A6A9716001CCB2B /* SignInView.swift in Sources */,
				5F0B061D2A6BA9FB00092D31 /* AuthenticationService.swift in Sources */,
			);
			runOnlyForDeploymentPostprocessing = 0;
		};
/* End PBXSourcesBuildPhase section */

/* Begin XCBuildConfiguration section */
		5F4ACFB42A659B2C00E9D37E /* Debug */ = {
			isa = XCBuildConfiguration;
			buildSettings = {
				ALWAYS_SEARCH_USER_PATHS = NO;
				CLANG_ANALYZER_NONNULL = YES;
				CLANG_ANALYZER_NUMBER_OBJECT_CONVERSION = YES_AGGRESSIVE;
				CLANG_CXX_LANGUAGE_STANDARD = "gnu++20";
				CLANG_ENABLE_MODULES = YES;
				CLANG_ENABLE_OBJC_ARC = YES;
				CLANG_ENABLE_OBJC_WEAK = YES;
				CLANG_WARN_BLOCK_CAPTURE_AUTORELEASING = YES;
				CLANG_WARN_BOOL_CONVERSION = YES;
				CLANG_WARN_COMMA = YES;
				CLANG_WARN_CONSTANT_CONVERSION = YES;
				CLANG_WARN_DEPRECATED_OBJC_IMPLEMENTATIONS = YES;
				CLANG_WARN_DIRECT_OBJC_ISA_USAGE = YES_ERROR;
				CLANG_WARN_DOCUMENTATION_COMMENTS = YES;
				CLANG_WARN_EMPTY_BODY = YES;
				CLANG_WARN_ENUM_CONVERSION = YES;
				CLANG_WARN_INFINITE_RECURSION = YES;
				CLANG_WARN_INT_CONVERSION = YES;
				CLANG_WARN_NON_LITERAL_NULL_CONVERSION = YES;
				CLANG_WARN_OBJC_IMPLICIT_RETAIN_SELF = YES;
				CLANG_WARN_OBJC_LITERAL_CONVERSION = YES;
				CLANG_WARN_OBJC_ROOT_CLASS = YES_ERROR;
				CLANG_WARN_QUOTED_INCLUDE_IN_FRAMEWORK_HEADER = YES;
				CLANG_WARN_RANGE_LOOP_ANALYSIS = YES;
				CLANG_WARN_STRICT_PROTOTYPES = YES;
				CLANG_WARN_SUSPICIOUS_MOVE = YES;
				CLANG_WARN_UNGUARDED_AVAILABILITY = YES_AGGRESSIVE;
				CLANG_WARN_UNREACHABLE_CODE = YES;
				CLANG_WARN__DUPLICATE_METHOD_MATCH = YES;
				COPY_PHASE_STRIP = NO;
				DEBUG_INFORMATION_FORMAT = dwarf;
				ENABLE_STRICT_OBJC_MSGSEND = YES;
				ENABLE_TESTABILITY = YES;
				GCC_C_LANGUAGE_STANDARD = gnu11;
				GCC_DYNAMIC_NO_PIC = NO;
				GCC_NO_COMMON_BLOCKS = YES;
				GCC_OPTIMIZATION_LEVEL = 0;
				GCC_PREPROCESSOR_DEFINITIONS = (
					"DEBUG=1",
					"$(inherited)",
				);
				GCC_WARN_64_TO_32_BIT_CONVERSION = YES;
				GCC_WARN_ABOUT_RETURN_TYPE = YES_ERROR;
				GCC_WARN_UNDECLARED_SELECTOR = YES;
				GCC_WARN_UNINITIALIZED_AUTOS = YES_AGGRESSIVE;
				GCC_WARN_UNUSED_FUNCTION = YES;
				GCC_WARN_UNUSED_VARIABLE = YES;
				IPHONEOS_DEPLOYMENT_TARGET = 16.4;
				MTL_ENABLE_DEBUG_INFO = INCLUDE_SOURCE;
				MTL_FAST_MATH = YES;
				ONLY_ACTIVE_ARCH = YES;
				SDKROOT = iphoneos;
				SWIFT_ACTIVE_COMPILATION_CONDITIONS = DEBUG;
				SWIFT_OPTIMIZATION_LEVEL = "-Onone";
			};
			name = Debug;
		};
		5F4ACFB52A659B2C00E9D37E /* Release */ = {
			isa = XCBuildConfiguration;
			buildSettings = {
				ALWAYS_SEARCH_USER_PATHS = NO;
				CLANG_ANALYZER_NONNULL = YES;
				CLANG_ANALYZER_NUMBER_OBJECT_CONVERSION = YES_AGGRESSIVE;
				CLANG_CXX_LANGUAGE_STANDARD = "gnu++20";
				CLANG_ENABLE_MODULES = YES;
				CLANG_ENABLE_OBJC_ARC = YES;
				CLANG_ENABLE_OBJC_WEAK = YES;
				CLANG_WARN_BLOCK_CAPTURE_AUTORELEASING = YES;
				CLANG_WARN_BOOL_CONVERSION = YES;
				CLANG_WARN_COMMA = YES;
				CLANG_WARN_CONSTANT_CONVERSION = YES;
				CLANG_WARN_DEPRECATED_OBJC_IMPLEMENTATIONS = YES;
				CLANG_WARN_DIRECT_OBJC_ISA_USAGE = YES_ERROR;
				CLANG_WARN_DOCUMENTATION_COMMENTS = YES;
				CLANG_WARN_EMPTY_BODY = YES;
				CLANG_WARN_ENUM_CONVERSION = YES;
				CLANG_WARN_INFINITE_RECURSION = YES;
				CLANG_WARN_INT_CONVERSION = YES;
				CLANG_WARN_NON_LITERAL_NULL_CONVERSION = YES;
				CLANG_WARN_OBJC_IMPLICIT_RETAIN_SELF = YES;
				CLANG_WARN_OBJC_LITERAL_CONVERSION = YES;
				CLANG_WARN_OBJC_ROOT_CLASS = YES_ERROR;
				CLANG_WARN_QUOTED_INCLUDE_IN_FRAMEWORK_HEADER = YES;
				CLANG_WARN_RANGE_LOOP_ANALYSIS = YES;
				CLANG_WARN_STRICT_PROTOTYPES = YES;
				CLANG_WARN_SUSPICIOUS_MOVE = YES;
				CLANG_WARN_UNGUARDED_AVAILABILITY = YES_AGGRESSIVE;
				CLANG_WARN_UNREACHABLE_CODE = YES;
				CLANG_WARN__DUPLICATE_METHOD_MATCH = YES;
				COPY_PHASE_STRIP = NO;
				DEBUG_INFORMATION_FORMAT = "dwarf-with-dsym";
				ENABLE_NS_ASSERTIONS = NO;
				ENABLE_STRICT_OBJC_MSGSEND = YES;
				GCC_C_LANGUAGE_STANDARD = gnu11;
				GCC_NO_COMMON_BLOCKS = YES;
				GCC_WARN_64_TO_32_BIT_CONVERSION = YES;
				GCC_WARN_ABOUT_RETURN_TYPE = YES_ERROR;
				GCC_WARN_UNDECLARED_SELECTOR = YES;
				GCC_WARN_UNINITIALIZED_AUTOS = YES_AGGRESSIVE;
				GCC_WARN_UNUSED_FUNCTION = YES;
				GCC_WARN_UNUSED_VARIABLE = YES;
				IPHONEOS_DEPLOYMENT_TARGET = 16.4;
				MTL_ENABLE_DEBUG_INFO = NO;
				MTL_FAST_MATH = YES;
				SDKROOT = iphoneos;
				SWIFT_COMPILATION_MODE = wholemodule;
				SWIFT_OPTIMIZATION_LEVEL = "-O";
				VALIDATE_PRODUCT = YES;
			};
			name = Release;
		};
		5F4ACFB72A659B2C00E9D37E /* Debug */ = {
			isa = XCBuildConfiguration;
			buildSettings = {
				ASSETCATALOG_COMPILER_APPICON_NAME = AppIcon;
				ASSETCATALOG_COMPILER_GLOBAL_ACCENT_COLOR_NAME = AccentColor;
				CODE_SIGN_STYLE = Automatic;
				CURRENT_PROJECT_VERSION = 1;
				DEVELOPMENT_ASSET_PATHS = "\"CoddyBuddy/Preview Content\"";
				DEVELOPMENT_TEAM = 587F5KY57A;
				ENABLE_PREVIEWS = YES;
				GENERATE_INFOPLIST_FILE = YES;
				INFOPLIST_FILE = CoddyBuddy/Info.plist;
				INFOPLIST_KEY_CFBundleDisplayName = CoddyBuddy;
				INFOPLIST_KEY_LSApplicationCategoryType = "public.app-category.developer-tools";
				INFOPLIST_KEY_UIApplicationSceneManifest_Generation = YES;
				INFOPLIST_KEY_UIApplicationSupportsIndirectInputEvents = YES;
				INFOPLIST_KEY_UILaunchScreen_Generation = YES;
				INFOPLIST_KEY_UIRequiresFullScreen = YES;
				INFOPLIST_KEY_UISupportedInterfaceOrientations = "UIInterfaceOrientationPortrait UIInterfaceOrientationPortraitUpsideDown";
				LD_RUNPATH_SEARCH_PATHS = (
					"$(inherited)",
					"@executable_path/Frameworks",
				);
				MARKETING_VERSION = 1.0;
				PRODUCT_BUNDLE_IDENTIFIER = CoddyBuddy.CoddyBuddy;
				PRODUCT_NAME = "$(TARGET_NAME)";
				SUPPORTED_PLATFORMS = "iphoneos iphonesimulator";
				SUPPORTS_MACCATALYST = NO;
				SUPPORTS_MAC_DESIGNED_FOR_IPHONE_IPAD = NO;
				SWIFT_EMIT_LOC_STRINGS = YES;
				SWIFT_VERSION = 5.0;
				TARGETED_DEVICE_FAMILY = "1,2";
			};
			name = Debug;
		};
		5F4ACFB82A659B2C00E9D37E /* Release */ = {
			isa = XCBuildConfiguration;
			buildSettings = {
				ASSETCATALOG_COMPILER_APPICON_NAME = AppIcon;
				ASSETCATALOG_COMPILER_GLOBAL_ACCENT_COLOR_NAME = AccentColor;
				CODE_SIGN_STYLE = Automatic;
				CURRENT_PROJECT_VERSION = 1;
				DEVELOPMENT_ASSET_PATHS = "\"CoddyBuddy/Preview Content\"";
				DEVELOPMENT_TEAM = 587F5KY57A;
				ENABLE_PREVIEWS = YES;
				GENERATE_INFOPLIST_FILE = YES;
				INFOPLIST_FILE = CoddyBuddy/Info.plist;
				INFOPLIST_KEY_CFBundleDisplayName = CoddyBuddy;
				INFOPLIST_KEY_LSApplicationCategoryType = "public.app-category.developer-tools";
				INFOPLIST_KEY_UIApplicationSceneManifest_Generation = YES;
				INFOPLIST_KEY_UIApplicationSupportsIndirectInputEvents = YES;
				INFOPLIST_KEY_UILaunchScreen_Generation = YES;
				INFOPLIST_KEY_UIRequiresFullScreen = YES;
				INFOPLIST_KEY_UISupportedInterfaceOrientations = "UIInterfaceOrientationPortrait UIInterfaceOrientationPortraitUpsideDown";
				LD_RUNPATH_SEARCH_PATHS = (
					"$(inherited)",
					"@executable_path/Frameworks",
				);
				MARKETING_VERSION = 1.0;
				PRODUCT_BUNDLE_IDENTIFIER = CoddyBuddy.CoddyBuddy;
				PRODUCT_NAME = "$(TARGET_NAME)";
				SUPPORTED_PLATFORMS = "iphoneos iphonesimulator";
				SUPPORTS_MACCATALYST = NO;
				SUPPORTS_MAC_DESIGNED_FOR_IPHONE_IPAD = NO;
				SWIFT_EMIT_LOC_STRINGS = YES;
				SWIFT_VERSION = 5.0;
				TARGETED_DEVICE_FAMILY = "1,2";
			};
			name = Release;
		};
/* End XCBuildConfiguration section */

/* Begin XCConfigurationList section */
		5F4ACFA32A659B2A00E9D37E /* Build configuration list for PBXProject "CoddyBuddy" */ = {
			isa = XCConfigurationList;
			buildConfigurations = (
				5F4ACFB42A659B2C00E9D37E /* Debug */,
				5F4ACFB52A659B2C00E9D37E /* Release */,
			);
			defaultConfigurationIsVisible = 0;
			defaultConfigurationName = Release;
		};
		5F4ACFB62A659B2C00E9D37E /* Build configuration list for PBXNativeTarget "CoddyBuddy" */ = {
			isa = XCConfigurationList;
			buildConfigurations = (
				5F4ACFB72A659B2C00E9D37E /* Debug */,
				5F4ACFB82A659B2C00E9D37E /* Release */,
			);
			defaultConfigurationIsVisible = 0;
			defaultConfigurationName = Release;
		};
/* End XCConfigurationList section */

/* Begin XCRemoteSwiftPackageReference section */
		5F0B06172A6BA9B400092D31 /* XCRemoteSwiftPackageReference "GoogleSignIn-iOS" */ = {
			isa = XCRemoteSwiftPackageReference;
			repositoryURL = "https://github.com/google/GoogleSignIn-iOS";
			requirement = {
				kind = upToNextMajorVersion;
				minimumVersion = 7.0.0;
			};
		};
		5F5156572A6AE77C00FB290B /* XCRemoteSwiftPackageReference "firebase-ios-sdk" */ = {
			isa = XCRemoteSwiftPackageReference;
			repositoryURL = "https://github.com/firebase/firebase-ios-sdk.git";
			requirement = {
				kind = exactVersion;
				version = 10.13.0;
			};
		};
		5F8113642A8AA685002D20A5 /* XCRemoteSwiftPackageReference "lottie-ios" */ = {
			isa = XCRemoteSwiftPackageReference;
			repositoryURL = "https://github.com/airbnb/lottie-ios.git";
			requirement = {
				kind = upToNextMajorVersion;
				minimumVersion = 4.0.0;
			};
		};
		5F9CDA8F2A8615AF00FA2CA5 /* XCRemoteSwiftPackageReference "trackable-scroll-view" */ = {
			isa = XCRemoteSwiftPackageReference;
			repositoryURL = "https://github.com/maxnatchanon/trackable-scroll-view.git";
			requirement = {
				branch = master;
				kind = branch;
			};
		};
		5FB6328E2A6EE38C006B3579 /* XCRemoteSwiftPackageReference "WaterfallGrid" */ = {
			isa = XCRemoteSwiftPackageReference;
			repositoryURL = "https://github.com/paololeonardi/WaterfallGrid.git";
			requirement = {
				kind = upToNextMajorVersion;
				minimumVersion = 1.0.0;
			};
		};
		5FC9B5002A84E23D009E1EBB /* XCRemoteSwiftPackageReference "AlertToast" */ = {
			isa = XCRemoteSwiftPackageReference;
			repositoryURL = "https://github.com/elai950/AlertToast.git";
			requirement = {
				kind = upToNextMajorVersion;
				minimumVersion = 1.0.0;
			};
		};
/* End XCRemoteSwiftPackageReference section */

/* Begin XCSwiftPackageProductDependency section */
		5F0B06182A6BA9B400092D31 /* GoogleSignIn */ = {
			isa = XCSwiftPackageProductDependency;
			package = 5F0B06172A6BA9B400092D31 /* XCRemoteSwiftPackageReference "GoogleSignIn-iOS" */;
			productName = GoogleSignIn;
		};
		5F0B061A2A6BA9B400092D31 /* GoogleSignInSwift */ = {
			isa = XCSwiftPackageProductDependency;
			package = 5F0B06172A6BA9B400092D31 /* XCRemoteSwiftPackageReference "GoogleSignIn-iOS" */;
			productName = GoogleSignInSwift;
		};
		5F5156582A6AE77C00FB290B /* FirebaseAnalytics */ = {
			isa = XCSwiftPackageProductDependency;
			package = 5F5156572A6AE77C00FB290B /* XCRemoteSwiftPackageReference "firebase-ios-sdk" */;
			productName = FirebaseAnalytics;
		};
		5F51565A2A6AE77C00FB290B /* FirebaseAnalyticsSwift */ = {
			isa = XCSwiftPackageProductDependency;
			package = 5F5156572A6AE77C00FB290B /* XCRemoteSwiftPackageReference "firebase-ios-sdk" */;
			productName = FirebaseAnalyticsSwift;
		};
		5F51565C2A6AE77C00FB290B /* FirebaseAuth */ = {
			isa = XCSwiftPackageProductDependency;
			package = 5F5156572A6AE77C00FB290B /* XCRemoteSwiftPackageReference "firebase-ios-sdk" */;
			productName = FirebaseAuth;
		};
		5F51565E2A6AE77C00FB290B /* FirebaseFirestore */ = {
			isa = XCSwiftPackageProductDependency;
			package = 5F5156572A6AE77C00FB290B /* XCRemoteSwiftPackageReference "firebase-ios-sdk" */;
			productName = FirebaseFirestore;
		};
		5F5156602A6AE77C00FB290B /* FirebaseFirestoreSwift */ = {
			isa = XCSwiftPackageProductDependency;
			package = 5F5156572A6AE77C00FB290B /* XCRemoteSwiftPackageReference "firebase-ios-sdk" */;
			productName = FirebaseFirestoreSwift;
		};
		5F5156622A6AE77C00FB290B /* FirebaseStorage */ = {
			isa = XCSwiftPackageProductDependency;
			package = 5F5156572A6AE77C00FB290B /* XCRemoteSwiftPackageReference "firebase-ios-sdk" */;
			productName = FirebaseStorage;
		};
		5F8113652A8AA685002D20A5 /* Lottie */ = {
			isa = XCSwiftPackageProductDependency;
			package = 5F8113642A8AA685002D20A5 /* XCRemoteSwiftPackageReference "lottie-ios" */;
			productName = Lottie;
		};
		5F9CDA902A8615AF00FA2CA5 /* SwiftUITrackableScrollView */ = {
			isa = XCSwiftPackageProductDependency;
			package = 5F9CDA8F2A8615AF00FA2CA5 /* XCRemoteSwiftPackageReference "trackable-scroll-view" */;
			productName = SwiftUITrackableScrollView;
		};
		5FB6328F2A6EE38C006B3579 /* WaterfallGrid */ = {
			isa = XCSwiftPackageProductDependency;
			package = 5FB6328E2A6EE38C006B3579 /* XCRemoteSwiftPackageReference "WaterfallGrid" */;
			productName = WaterfallGrid;
		};
		5FC9B5012A84E23D009E1EBB /* AlertToast */ = {
			isa = XCSwiftPackageProductDependency;
			package = 5FC9B5002A84E23D009E1EBB /* XCRemoteSwiftPackageReference "AlertToast" */;
			productName = AlertToast;
		};
/* End XCSwiftPackageProductDependency section */
	};
	rootObject = 5F4ACFA02A659B2A00E9D37E /* Project object */;
}
